{
    "name": "bitey",
    "version": "0.1.0",
    "lockfileVersion": 3,
    "requires": true,
    "packages": {
        "": {
            "name": "bitey",
            "version": "0.1.0",
            "dependencies": {
                "@redis/client": "^1.6.0",
                "mariadb": "^3.4.1",
                "uWebSockets.js": "github:uNetworking/uWebSockets.js#v20.52.0"
            }
        },
        "node_modules/@redis/client": {
            "version": "1.6.1",
            "resolved": "https://registry.npmjs.org/@redis/client/-/client-1.6.1.tgz",
            "integrity": "sha512-/KCsg3xSlR+nCK8/8ZYSknYxvXHwubJrU82F3Lm1Fp6789VQ0/3RJKfsmRXjqfaTA++23CvC3hqmqe/2GEt6Kw==",
            "license": "MIT",
            "dependencies": {
                "cluster-key-slot": "1.1.2",
                "generic-pool": "3.9.0",
                "yallist": "4.0.0"
            },
            "engines": {
                "node": ">=14"
            }
        },
        "node_modules/cluster-key-slot": {
            "version": "1.1.2",
            "resolved": "https://registry.npmjs.org/cluster-key-slot/-/cluster-key-slot-1.1.2.tgz",
            "integrity": "sha512-RMr0FhtfXemyinomL4hrWcYJxmX6deFdCxpJzhDttxgO1+bcCnkk+9drydLVDmAMG7NE6aN/fl4F7ucU/90gAA==",
            "license": "Apache-2.0",
            "engines": {
                "node": ">=0.10.0"
            }
        },
        "node_modules/denque": {
            "version": "2.1.0",
            "resolved": "https://registry.npmjs.org/denque/-/denque-2.1.0.tgz",
            "integrity": "sha512-HVQE3AAb/pxF8fQAoiqpvg9i3evqug3hoiwakOyZAwJm+6vZehbkYXZ0l4JxS+I3QxM97v5aaRNhj8v5oBhekw==",
            "license": "Apache-2.0",
            "engines": {
                "node": ">=0.10"
            }
        },
        "node_modules/generic-pool": {
            "version": "3.9.0",
            "resolved": "https://registry.npmjs.org/generic-pool/-/generic-pool-3.9.0.tgz",
            "integrity": "sha512-hymDOu5B53XvN4QT9dBmZxPX4CWhBPPLguTZ9MMFeFa/Kg0xWVfylOVNlJji/E7yTZWFd/q9GO5TxDLq156D7g==",
            "license": "MIT",
            "engines": {
                "node": ">= 4"
            }
        },
        "node_modules/iconv-lite": {
            "version": "0.6.3",
            "resolved": "https://registry.npmjs.org/iconv-lite/-/iconv-lite-0.6.3.tgz",
            "integrity": "sha512-4fCk79wshMdzMp2rH06qWrJE4iolqLhCUH+OiuIgU++RB0+94NlDL81atO7GX55uUKueo0txHNtvEyI6D7WdMw==",
            "license": "MIT",
            "dependencies": {
                "safer-buffer": ">= 2.1.2 < 3.0.0"
            },
            "engines": {
                "node": ">=0.10.0"
            }
        },
        "node_modules/lru-cache": {
            "version": "10.4.3",
            "resolved": "https://registry.npmjs.org/lru-cache/-/lru-cache-10.4.3.tgz",
            "integrity": "sha512-JNAzZcXrCt42VGLuYz0zfAzDfAvJWW6AfYlDBQyDV5DClI2m5sAmK+OIO7s59XfsRsWHp02jAJrRadPRGTt6SQ==",
            "license": "ISC"
        },
        "node_modules/mariadb": {
            "version": "3.4.4",
            "resolved": "https://registry.npmjs.org/mariadb/-/mariadb-3.4.4.tgz",
            "integrity": "sha512-feIbZJM8q1ddPAcG9UXcY9/afrpQMxIN3pWQTYBnwCTzQcFkZ6RJHFWB46mDHoLFdQh02lZgyg3uq6Y/74E5bA==",
            "license": "LGPL-2.1-or-later",
            "dependencies": {
                "denque": "^2.1.0",
                "iconv-lite": "^0.6.3",
                "lru-cache": "^10.3.0"
            },
            "engines": {
                "node": ">= 14"
            }
        },
        "node_modules/safer-buffer": {
            "version": "2.1.2",
            "resolved": "https://registry.npmjs.org/safer-buffer/-/safer-buffer-2.1.2.tgz",
            "integrity": "sha512-YZo3K82SD7Riyi0E1EQPojLz7kpepnSQI9IyPbHHg1XXXevb5dJI7tpyN2ADxGcQbHG7vcyRHk0cbwqcQriUtg==",
            "license": "MIT"
        },
        "node_modules/uWebSockets.js": {
            "version": "20.52.0",
            "resolved": "git+ssh://git@github.com/uNetworking/uWebSockets.js.git#cfc9a40d8132a34881813cec3d5f8e3a185b3ce3",
            "license": "Apache-2.0"
        },
        "node_modules/yallist": {
            "version": "4.0.0",
            "resolved": "https://registry.npmjs.org/yallist/-/yallist-4.0.0.tgz",
            "integrity": "sha512-3wdGidZyq5PB084XLES5TpOSRA3wjXAlIWMhum2kRcv/41Sn2emQ0dycQW4uZXLejwKvg6EsvbdlVL+FYEct7A==",
            "license": "ISC"
        }
    }
}
